
Microsoft Visual Studio Solution File, Format Version 12.00
# Visual Studio Version 17
VisualStudioVersion = 17.5.33502.453
MinimumVisualStudioVersion = 10.0.40219.1
Project("{8BC9CEB8-8B4A-11D0-8D11-00A0C91BC942}") = "ConsoleApplication5", "ConsoleApplication5\ConsoleApplication5.vcxproj", "{EB44C198-FBFA-4DE4-A722-5922DFFD39A5}"
EndProject
Global
	GlobalSection(SolutionConfigurationPlatforms) = preSolution
		Debug|x64 = Debug|x64
		Debug|x86 = Debug|x86
		Release|x64 = Release|x64
		Release|x86 = Release|x86
	EndGlobalSection
	GlobalSection(ProjectConfigurationPlatforms) = postSolution
		{EB44C198-FBFA-4DE4-A722-5922DFFD39A5}.Debug|x64.ActiveCfg = Debug|x64
		{EB44C198-FBFA-4DE4-A722-5922DFFD39A5}.Debug|x64.Build.0 = Debug|x64
		{EB44C198-FBFA-4DE4-A722-5922DFFD39A5}.Debug|x86.ActiveCfg = Debug|Win32
		{EB44C198-FBFA-4DE4-A722-5922DFFD39A5}.Debug|x86.Build.0 = Debug|Win32
		{EB44C198-FBFA-4DE4-A722-5922DFFD39A5}.Release|x64.ActiveCfg = Release|x64
		{EB44C198-FBFA-4DE4-A722-5922DFFD39A5}.Release|x64.Build.0 = Release|x64
		{EB44C198-FBFA-4DE4-A722-5922DFFD39A5}.Release|x86.ActiveCfg = Release|Win32
		{EB44C198-FBFA-4DE4-A722-5922DFFD39A5}.Release|x86.Build.0 = Release|Win32
	EndGlobalSection
	GlobalSection(SolutionProperties) = preSolution
		HideSolutionNode = FALSE
	EndGlobalSection
	GlobalSection(ExtensibilityGlobals) = postSolution
		SolutionGuid = {615F47E4-9565-43A3-8B57-E7171AA43225}
	EndGlobalSection
EndGlobal
